
Microsoft Visual Studio Solution File, Format Version 12.00
# Visual Studio Version 17
VisualStudioVersion = 17.1.32407.343
MinimumVisualStudioVersion = 10.0.40219.1
Project("{FAE04EC0-301F-11D3-BF4B-00C04F79EFBC}") = "PublishesApp", "PublishesApp\PublishesApp.csproj", "{78281A4A-76DD-4AC1-99D2-61372A6B7D97}"
EndProject
Global
	GlobalSection(SolutionConfigurationPlatforms) = preSolution
		Debug|Any CPU = Debug|Any CPU
		Release|Any CPU = Release|Any CPU
	EndGlobalSection
	GlobalSection(ProjectConfigurationPlatforms) = postSolution
		{78281A4A-76DD-4AC1-99D2-61372A6B7D97}.Debug|Any CPU.ActiveCfg = Debug|Any CPU
		{78281A4A-76DD-4AC1-99D2-61372A6B7D97}.Debug|Any CPU.Build.0 = Debug|Any CPU
		{78281A4A-76DD-4AC1-99D2-61372A6B7D97}.Release|Any CPU.ActiveCfg = Release|Any CPU
		{78281A4A-76DD-4AC1-99D2-61372A6B7D97}.Release|Any CPU.Build.0 = Release|Any CPU
	EndGlobalSection
	GlobalSection(SolutionProperties) = preSolution
		HideSolutionNode = FALSE
	EndGlobalSection
	GlobalSection(ExtensibilityGlobals) = postSolution
		SolutionGuid = {C4ADFCB0-34E2-4D7C-941E-67CB0DAB1EE8}
	EndGlobalSection
EndGlobal
